
Microsoft Visual Studio Solution File, Format Version 12.00
# Visual Studio Version 17
VisualStudioVersion = 17.8.34316.72
MinimumVisualStudioVersion = 10.0.40219.1
Project("{FAE04EC0-301F-11D3-BF4B-00C04F79EFBC}") = "robo megasena", "robo megasena.csproj", "{4299820D-F262-4B99-8ADF-47B07406E636}"
EndProject
Global
	GlobalSection(SolutionConfigurationPlatforms) = preSolution
		Debug|Any CPU = Debug|Any CPU
		Release|Any CPU = Release|Any CPU
	EndGlobalSection
	GlobalSection(ProjectConfigurationPlatforms) = postSolution
		{4299820D-F262-4B99-8ADF-47B07406E636}.Debug|Any CPU.ActiveCfg = Debug|Any CPU
		{4299820D-F262-4B99-8ADF-47B07406E636}.Debug|Any CPU.Build.0 = Debug|Any CPU
		{4299820D-F262-4B99-8ADF-47B07406E636}.Release|Any CPU.ActiveCfg = Release|Any CPU
		{4299820D-F262-4B99-8ADF-47B07406E636}.Release|Any CPU.Build.0 = Release|Any CPU
	EndGlobalSection
	GlobalSection(SolutionProperties) = preSolution
		HideSolutionNode = FALSE
	EndGlobalSection
	GlobalSection(ExtensibilityGlobals) = postSolution
		SolutionGuid = {FC6C22DE-EA7E-40C7-A599-AD672AAD96F5}
	EndGlobalSection
EndGlobal
